
Microsoft Visual Studio Solution File, Format Version 12.00
# Visual Studio 15
Project("{FAE04EC0-301F-11D3-BF4B-00C04F79EFBC}") = "Assembly-CSharp", "Assembly-CSharp.csproj", "{AECAF005-AAC9-43F4-2AA0-94F183050D9A}"
EndProject
Project("{FAE04EC0-301F-11D3-BF4B-00C04F79EFBC}") = "Assembly-CSharp-Editor", "Assembly-CSharp-Editor.csproj", "{1E1F5211-5EA8-1FCB-5C2B-BD464C857D76}"
EndProject
Global
	GlobalSection(SolutionConfigurationPlatforms) = preSolution
		Debug|Any CPU = Debug|Any CPU
		Release|Any CPU = Release|Any CPU
	EndGlobalSection
	GlobalSection(ProjectConfigurationPlatforms) = postSolution
		{AECAF005-AAC9-43F4-2AA0-94F183050D9A}.Debug|Any CPU.ActiveCfg = Debug|Any CPU
		{AECAF005-AAC9-43F4-2AA0-94F183050D9A}.Debug|Any CPU.Build.0 = Debug|Any CPU
		{AECAF005-AAC9-43F4-2AA0-94F183050D9A}.Release|Any CPU.ActiveCfg = Release|Any CPU
		{AECAF005-AAC9-43F4-2AA0-94F183050D9A}.Release|Any CPU.Build.0 = Release|Any CPU
		{1E1F5211-5EA8-1FCB-5C2B-BD464C857D76}.Debug|Any CPU.ActiveCfg = Debug|Any CPU
		{1E1F5211-5EA8-1FCB-5C2B-BD464C857D76}.Debug|Any CPU.Build.0 = Debug|Any CPU
		{1E1F5211-5EA8-1FCB-5C2B-BD464C857D76}.Release|Any CPU.ActiveCfg = Release|Any CPU
		{1E1F5211-5EA8-1FCB-5C2B-BD464C857D76}.Release|Any CPU.Build.0 = Release|Any CPU
	EndGlobalSection
	GlobalSection(SolutionProperties) = preSolution
		HideSolutionNode = FALSE
	EndGlobalSection
EndGlobal
